Microsoft Visual Studio Solution File, Format Version 11.00
# Visual Studio 2008

Project("{491442DF-5F88-C6AA-018E-86DAC21D3606}") = "1203", "Assembly-CSharp.csproj", "{2A46DF72-C2CC-C881-1428-66DD7B1228A3}"
EndProject
Global
	GlobalSection(SolutionConfigurationPlatforms) = preSolution
		Debug|Any CPU = Debug|Any CPU
		Release|Any CPU = Release|Any CPU
	EndGlobalSection
	GlobalSection(ProjectConfigurationPlatforms) = postSolution
		{2A46DF72-C2CC-C881-1428-66DD7B1228A3}.Debug|Any CPU.ActiveCfg = Debug|Any CPU
		{2A46DF72-C2CC-C881-1428-66DD7B1228A3}.Debug|Any CPU.Build.0 = Debug|Any CPU
		{2A46DF72-C2CC-C881-1428-66DD7B1228A3}.Release|Any CPU.ActiveCfg = Release|Any CPU
		{2A46DF72-C2CC-C881-1428-66DD7B1228A3}.Release|Any CPU.Build.0 = Release|Any CPU
	EndGlobalSection
	GlobalSection(SolutionProperties) = preSolution
		HideSolutionNode = FALSE
	EndGlobalSection
	GlobalSection(MonoDevelopProperties) = preSolution
		StartupItem = Assembly-CSharp.csproj
	EndGlobalSection
EndGlobal
